
Microsoft Visual Studio Solution File, Format Version 12.00
# Visual Studio Version 17
VisualStudioVersion = 17.9.34622.214
MinimumVisualStudioVersion = 10.0.40219.1
Project("{FAE04EC0-301F-11D3-BF4B-00C04F79EFBC}") = "FizzBuzz", "FizzBuzz.csproj", "{31749564-648B-4D13-89E3-01DB9F6806F2}"
EndProject
Global
	GlobalSection(SolutionConfigurationPlatforms) = preSolution
		Debug|Any CPU = Debug|Any CPU
		Release|Any CPU = Release|Any CPU
	EndGlobalSection
	GlobalSection(ProjectConfigurationPlatforms) = postSolution
		{31749564-648B-4D13-89E3-01DB9F6806F2}.Debug|Any CPU.ActiveCfg = Debug|Any CPU
		{31749564-648B-4D13-89E3-01DB9F6806F2}.Debug|Any CPU.Build.0 = Debug|Any CPU
		{31749564-648B-4D13-89E3-01DB9F6806F2}.Release|Any CPU.ActiveCfg = Release|Any CPU
		{31749564-648B-4D13-89E3-01DB9F6806F2}.Release|Any CPU.Build.0 = Release|Any CPU
	EndGlobalSection
	GlobalSection(SolutionProperties) = preSolution
		HideSolutionNode = FALSE
	EndGlobalSection
	GlobalSection(ExtensibilityGlobals) = postSolution
		SolutionGuid = {5A580063-4030-4A5C-9C52-AB6C74D3558A}
	EndGlobalSection
EndGlobal
